
Microsoft Visual Studio Solution File, Format Version 12.00
# Visual Studio 15
VisualStudioVersion = 15.0.27130.2027
MinimumVisualStudioVersion = 10.0.40219.1
Project("{FAE04EC0-301F-11D3-BF4B-00C04F79EFBC}") = "NetCoreStack101.WebUI", "NetCoreStack101.WebUI\NetCoreStack101.WebUI.csproj", "{5B2AE909-8285-4C3A-9A48-9632E91747B2}"
EndProject
Project("{FAE04EC0-301F-11D3-BF4B-00C04F79EFBC}") = "NetCoreStack101.Domain", "NetCoreStack101.Domain\NetCoreStack101.Domain.csproj", "{29D1E40D-0A17-4625-BCFF-C8B4EEA610EA}"
EndProject
Project("{FAE04EC0-301F-11D3-BF4B-00C04F79EFBC}") = "NetCoreStack101.SharedLibrary", "NetCoreStack101.SharedLibrary\NetCoreStack101.SharedLibrary.csproj", "{B568883F-3DAB-4441-8BBB-C3AC5330B9F2}"
EndProject
Global
	GlobalSection(SolutionConfigurationPlatforms) = preSolution
		Debug|Any CPU = Debug|Any CPU
		Release|Any CPU = Release|Any CPU
	EndGlobalSection
	GlobalSection(ProjectConfigurationPlatforms) = postSolution
		{5B2AE909-8285-4C3A-9A48-9632E91747B2}.Debug|Any CPU.ActiveCfg = Debug|Any CPU
		{5B2AE909-8285-4C3A-9A48-9632E91747B2}.Debug|Any CPU.Build.0 = Debug|Any CPU
		{5B2AE909-8285-4C3A-9A48-9632E91747B2}.Release|Any CPU.ActiveCfg = Release|Any CPU
		{5B2AE909-8285-4C3A-9A48-9632E91747B2}.Release|Any CPU.Build.0 = Release|Any CPU
		{29D1E40D-0A17-4625-BCFF-C8B4EEA610EA}.Debug|Any CPU.ActiveCfg = Debug|Any CPU
		{29D1E40D-0A17-4625-BCFF-C8B4EEA610EA}.Debug|Any CPU.Build.0 = Debug|Any CPU
		{29D1E40D-0A17-4625-BCFF-C8B4EEA610EA}.Release|Any CPU.ActiveCfg = Release|Any CPU
		{29D1E40D-0A17-4625-BCFF-C8B4EEA610EA}.Release|Any CPU.Build.0 = Release|Any CPU
		{B568883F-3DAB-4441-8BBB-C3AC5330B9F2}.Debug|Any CPU.ActiveCfg = Debug|Any CPU
		{B568883F-3DAB-4441-8BBB-C3AC5330B9F2}.Debug|Any CPU.Build.0 = Debug|Any CPU
		{B568883F-3DAB-4441-8BBB-C3AC5330B9F2}.Release|Any CPU.ActiveCfg = Release|Any CPU
		{B568883F-3DAB-4441-8BBB-C3AC5330B9F2}.Release|Any CPU.Build.0 = Release|Any CPU
	EndGlobalSection
	GlobalSection(SolutionProperties) = preSolution
		HideSolutionNode = FALSE
	EndGlobalSection
	GlobalSection(ExtensibilityGlobals) = postSolution
		SolutionGuid = {5F482210-4972-4CD4-A9B6-584DD48752C0}
	EndGlobalSection
EndGlobal
